
Microsoft Visual Studio Solution File, Format Version 12.00
Project("{2150E333-8FDC-42A3-9474-1A3956D46DE8}") = "Host", "Host", "{F9E291B3-9275-4BD3-BDE8-8674A9E21450}"
EndProject
Project("{2150E333-8FDC-42A3-9474-1A3956D46DE8}") = "Modules", "Modules", "{6713C8BA-D3FF-42FE-A54D-4C3431F84376}"
EndProject
Project("{FAE04EC0-301F-11D3-BF4B-00C04F79EFBC}") = "API", "API\API.csproj", "{8FD91309-E0F4-40AF-819E-EB2D9909C75D}"
EndProject
Project("{2150E333-8FDC-42A3-9474-1A3956D46DE8}") = "Catalog", "Catalog", "{68663C77-D802-4342-BEDC-B1D104E6B745}"
EndProject
Project("{2150E333-8FDC-42A3-9474-1A3956D46DE8}") = "Person", "Person", "{26279647-38A8-4ECA-97EA-8679365D4AC3}"
EndProject
Project("{2150E333-8FDC-42A3-9474-1A3956D46DE8}") = "Shared", "Shared", "{6C718A27-98C3-4700-8BB4-551584C52D59}"
EndProject
Project("{FAE04EC0-301F-11D3-BF4B-00C04F79EFBC}") = "Module.Catalog", "Module.Catalog\Module.Catalog.csproj", "{BE6D2283-5FDF-4F76-BEC4-A0389A354EAE}"
EndProject
Project("{FAE04EC0-301F-11D3-BF4B-00C04F79EFBC}") = "Module.Catalog.Core", "Module.Catalog.Core\Module.Catalog.Core.csproj", "{06C74757-26A3-47FF-B0FA-EDBB6DCB91CA}"
EndProject
Project("{FAE04EC0-301F-11D3-BF4B-00C04F79EFBC}") = "Module.Catalog.Infrastructure", "Module.Catalog.Infrastructure\Module.Catalog.Infrastructure.csproj", "{1B4342F7-B35C-4BA0-81BE-453D669845EA}"
EndProject
Project("{FAE04EC0-301F-11D3-BF4B-00C04F79EFBC}") = "Module.People", "Module.People\Module.People.csproj", "{F983FF04-B9A1-4558-A6E0-158360D9ACB1}"
EndProject
Project("{FAE04EC0-301F-11D3-BF4B-00C04F79EFBC}") = "Module.People.Core", "Module.People.Core\Module.People.Core.csproj", "{FBABBD87-7FC7-4F64-93CC-CBC5FB79D0EF}"
EndProject
Project("{FAE04EC0-301F-11D3-BF4B-00C04F79EFBC}") = "Module.People.Infrastructure", "Module.People.Infrastructure\Module.People.Infrastructure.csproj", "{86AB9899-E4F1-4305-B301-C16A2FCBA85F}"
EndProject
Project("{FAE04EC0-301F-11D3-BF4B-00C04F79EFBC}") = "Shared.Core", "Shared.Core\Shared.Core.csproj", "{7650C042-1AFC-4123-80D6-13FB97CAA1D2}"
EndProject
Project("{FAE04EC0-301F-11D3-BF4B-00C04F79EFBC}") = "Shared.Infrastructure", "Shared.Infrastructure\Shared.Infrastructure.csproj", "{95846432-6C88-4154-B770-1A388CDBDE73}"
EndProject
Project("{FAE04EC0-301F-11D3-BF4B-00C04F79EFBC}") = "Shared.Models", "Shared.Models\Shared.Models.csproj", "{9FB2FFB0-B2CF-49A9-9D41-AFB27732227C}"
EndProject
Global
	GlobalSection(SolutionConfigurationPlatforms) = preSolution
		Debug|Any CPU = Debug|Any CPU
		Release|Any CPU = Release|Any CPU
	EndGlobalSection
	GlobalSection(ProjectConfigurationPlatforms) = postSolution
		{8FD91309-E0F4-40AF-819E-EB2D9909C75D}.Debug|Any CPU.ActiveCfg = Debug|Any CPU
		{8FD91309-E0F4-40AF-819E-EB2D9909C75D}.Debug|Any CPU.Build.0 = Debug|Any CPU
		{8FD91309-E0F4-40AF-819E-EB2D9909C75D}.Release|Any CPU.ActiveCfg = Release|Any CPU
		{8FD91309-E0F4-40AF-819E-EB2D9909C75D}.Release|Any CPU.Build.0 = Release|Any CPU
		{BE6D2283-5FDF-4F76-BEC4-A0389A354EAE}.Debug|Any CPU.ActiveCfg = Debug|Any CPU
		{BE6D2283-5FDF-4F76-BEC4-A0389A354EAE}.Debug|Any CPU.Build.0 = Debug|Any CPU
		{BE6D2283-5FDF-4F76-BEC4-A0389A354EAE}.Release|Any CPU.ActiveCfg = Release|Any CPU
		{BE6D2283-5FDF-4F76-BEC4-A0389A354EAE}.Release|Any CPU.Build.0 = Release|Any CPU
		{06C74757-26A3-47FF-B0FA-EDBB6DCB91CA}.Debug|Any CPU.ActiveCfg = Debug|Any CPU
		{06C74757-26A3-47FF-B0FA-EDBB6DCB91CA}.Debug|Any CPU.Build.0 = Debug|Any CPU
		{06C74757-26A3-47FF-B0FA-EDBB6DCB91CA}.Release|Any CPU.ActiveCfg = Release|Any CPU
		{06C74757-26A3-47FF-B0FA-EDBB6DCB91CA}.Release|Any CPU.Build.0 = Release|Any CPU
		{1B4342F7-B35C-4BA0-81BE-453D669845EA}.Debug|Any CPU.ActiveCfg = Debug|Any CPU
		{1B4342F7-B35C-4BA0-81BE-453D669845EA}.Debug|Any CPU.Build.0 = Debug|Any CPU
		{1B4342F7-B35C-4BA0-81BE-453D669845EA}.Release|Any CPU.ActiveCfg = Release|Any CPU
		{1B4342F7-B35C-4BA0-81BE-453D669845EA}.Release|Any CPU.Build.0 = Release|Any CPU
		{F983FF04-B9A1-4558-A6E0-158360D9ACB1}.Debug|Any CPU.ActiveCfg = Debug|Any CPU
		{F983FF04-B9A1-4558-A6E0-158360D9ACB1}.Debug|Any CPU.Build.0 = Debug|Any CPU
		{F983FF04-B9A1-4558-A6E0-158360D9ACB1}.Release|Any CPU.ActiveCfg = Release|Any CPU
		{F983FF04-B9A1-4558-A6E0-158360D9ACB1}.Release|Any CPU.Build.0 = Release|Any CPU
		{FBABBD87-7FC7-4F64-93CC-CBC5FB79D0EF}.Debug|Any CPU.ActiveCfg = Debug|Any CPU
		{FBABBD87-7FC7-4F64-93CC-CBC5FB79D0EF}.Debug|Any CPU.Build.0 = Debug|Any CPU
		{FBABBD87-7FC7-4F64-93CC-CBC5FB79D0EF}.Release|Any CPU.ActiveCfg = Release|Any CPU
		{FBABBD87-7FC7-4F64-93CC-CBC5FB79D0EF}.Release|Any CPU.Build.0 = Release|Any CPU
		{86AB9899-E4F1-4305-B301-C16A2FCBA85F}.Debug|Any CPU.ActiveCfg = Debug|Any CPU
		{86AB9899-E4F1-4305-B301-C16A2FCBA85F}.Debug|Any CPU.Build.0 = Debug|Any CPU
		{86AB9899-E4F1-4305-B301-C16A2FCBA85F}.Release|Any CPU.ActiveCfg = Release|Any CPU
		{86AB9899-E4F1-4305-B301-C16A2FCBA85F}.Release|Any CPU.Build.0 = Release|Any CPU
		{7650C042-1AFC-4123-80D6-13FB97CAA1D2}.Debug|Any CPU.ActiveCfg = Debug|Any CPU
		{7650C042-1AFC-4123-80D6-13FB97CAA1D2}.Debug|Any CPU.Build.0 = Debug|Any CPU
		{7650C042-1AFC-4123-80D6-13FB97CAA1D2}.Release|Any CPU.ActiveCfg = Release|Any CPU
		{7650C042-1AFC-4123-80D6-13FB97CAA1D2}.Release|Any CPU.Build.0 = Release|Any CPU
		{95846432-6C88-4154-B770-1A388CDBDE73}.Debug|Any CPU.ActiveCfg = Debug|Any CPU
		{95846432-6C88-4154-B770-1A388CDBDE73}.Debug|Any CPU.Build.0 = Debug|Any CPU
		{95846432-6C88-4154-B770-1A388CDBDE73}.Release|Any CPU.ActiveCfg = Release|Any CPU
		{95846432-6C88-4154-B770-1A388CDBDE73}.Release|Any CPU.Build.0 = Release|Any CPU
		{9FB2FFB0-B2CF-49A9-9D41-AFB27732227C}.Debug|Any CPU.ActiveCfg = Debug|Any CPU
		{9FB2FFB0-B2CF-49A9-9D41-AFB27732227C}.Debug|Any CPU.Build.0 = Debug|Any CPU
		{9FB2FFB0-B2CF-49A9-9D41-AFB27732227C}.Release|Any CPU.ActiveCfg = Release|Any CPU
		{9FB2FFB0-B2CF-49A9-9D41-AFB27732227C}.Release|Any CPU.Build.0 = Release|Any CPU
	EndGlobalSection
	GlobalSection(NestedProjects) = preSolution
		{8FD91309-E0F4-40AF-819E-EB2D9909C75D} = {F9E291B3-9275-4BD3-BDE8-8674A9E21450}
		{68663C77-D802-4342-BEDC-B1D104E6B745} = {6713C8BA-D3FF-42FE-A54D-4C3431F84376}
		{26279647-38A8-4ECA-97EA-8679365D4AC3} = {6713C8BA-D3FF-42FE-A54D-4C3431F84376}
		{BE6D2283-5FDF-4F76-BEC4-A0389A354EAE} = {68663C77-D802-4342-BEDC-B1D104E6B745}
		{06C74757-26A3-47FF-B0FA-EDBB6DCB91CA} = {68663C77-D802-4342-BEDC-B1D104E6B745}
		{1B4342F7-B35C-4BA0-81BE-453D669845EA} = {68663C77-D802-4342-BEDC-B1D104E6B745}
		{F983FF04-B9A1-4558-A6E0-158360D9ACB1} = {26279647-38A8-4ECA-97EA-8679365D4AC3}
		{FBABBD87-7FC7-4F64-93CC-CBC5FB79D0EF} = {26279647-38A8-4ECA-97EA-8679365D4AC3}
		{86AB9899-E4F1-4305-B301-C16A2FCBA85F} = {26279647-38A8-4ECA-97EA-8679365D4AC3}
		{7650C042-1AFC-4123-80D6-13FB97CAA1D2} = {6C718A27-98C3-4700-8BB4-551584C52D59}
		{95846432-6C88-4154-B770-1A388CDBDE73} = {6C718A27-98C3-4700-8BB4-551584C52D59}
		{9FB2FFB0-B2CF-49A9-9D41-AFB27732227C} = {6C718A27-98C3-4700-8BB4-551584C52D59}
	EndGlobalSection
EndGlobal
